
Microsoft Visual Studio Solution File, Format Version 12.00
Project("{FAE04EC0-301F-11D3-BF4B-00C04F79EFBC}") = "RefactoredToCleanCodeTests", "RefactoredToCleanCodeTests\RefactoredToCleanCodeTests.csproj", "{98D825CD-C4B9-481A-929F-E044FC95B103}"
EndProject
Project("{FAE04EC0-301F-11D3-BF4B-00C04F79EFBC}") = "RefactoredToCleanCodeProduction", "RefactoredToCleanCodeProduction\RefactoredToCleanCodeProduction.csproj", "{50BF87EA-4AA1-4D2A-AAF9-84E0BB69C844}"
EndProject
Global
	GlobalSection(SolutionConfigurationPlatforms) = preSolution
		Debug|Any CPU = Debug|Any CPU
		Release|Any CPU = Release|Any CPU
	EndGlobalSection
	GlobalSection(ProjectConfigurationPlatforms) = postSolution
		{98D825CD-C4B9-481A-929F-E044FC95B103}.Debug|Any CPU.ActiveCfg = Debug|Any CPU
		{98D825CD-C4B9-481A-929F-E044FC95B103}.Debug|Any CPU.Build.0 = Debug|Any CPU
		{98D825CD-C4B9-481A-929F-E044FC95B103}.Release|Any CPU.ActiveCfg = Release|Any CPU
		{98D825CD-C4B9-481A-929F-E044FC95B103}.Release|Any CPU.Build.0 = Release|Any CPU
		{50BF87EA-4AA1-4D2A-AAF9-84E0BB69C844}.Debug|Any CPU.ActiveCfg = Debug|Any CPU
		{50BF87EA-4AA1-4D2A-AAF9-84E0BB69C844}.Debug|Any CPU.Build.0 = Debug|Any CPU
		{50BF87EA-4AA1-4D2A-AAF9-84E0BB69C844}.Release|Any CPU.ActiveCfg = Release|Any CPU
		{50BF87EA-4AA1-4D2A-AAF9-84E0BB69C844}.Release|Any CPU.Build.0 = Release|Any CPU
	EndGlobalSection
EndGlobal
