
Microsoft Visual Studio Solution File, Format Version 12.00
Project("{FAE04EC0-301F-11D3-BF4B-00C04F79EFBC}") = "Dummy", "src\Dummy\Dummy.csproj", "{107A4BD2-27F4-4C89-A80D-D303632580C9}"
EndProject
Project("{FAE04EC0-301F-11D3-BF4B-00C04F79EFBC}") = "DoubleTests", "tests\DoubleTests\DoubleTests.csproj", "{AA4338BD-596C-48A7-9094-8FC7AA59C4D9}"
EndProject
Global
	GlobalSection(SolutionConfigurationPlatforms) = preSolution
		Debug|Any CPU = Debug|Any CPU
		Release|Any CPU = Release|Any CPU
	EndGlobalSection
	GlobalSection(ProjectConfigurationPlatforms) = postSolution
		{107A4BD2-27F4-4C89-A80D-D303632580C9}.Debug|Any CPU.ActiveCfg = Debug|Any CPU
		{107A4BD2-27F4-4C89-A80D-D303632580C9}.Debug|Any CPU.Build.0 = Debug|Any CPU
		{107A4BD2-27F4-4C89-A80D-D303632580C9}.Release|Any CPU.ActiveCfg = Release|Any CPU
		{107A4BD2-27F4-4C89-A80D-D303632580C9}.Release|Any CPU.Build.0 = Release|Any CPU
		{AA4338BD-596C-48A7-9094-8FC7AA59C4D9}.Debug|Any CPU.ActiveCfg = Debug|Any CPU
		{AA4338BD-596C-48A7-9094-8FC7AA59C4D9}.Debug|Any CPU.Build.0 = Debug|Any CPU
		{AA4338BD-596C-48A7-9094-8FC7AA59C4D9}.Release|Any CPU.ActiveCfg = Release|Any CPU
		{AA4338BD-596C-48A7-9094-8FC7AA59C4D9}.Release|Any CPU.Build.0 = Release|Any CPU
	EndGlobalSection
EndGlobal
