
Microsoft Visual Studio Solution File, Format Version 12.00
Project("{FAE04EC0-301F-11D3-BF4B-00C04F79EFBC}") = "IfsBeforeRefactor", "IfsBeforeRefactor\IfsBeforeRefactor.csproj", "{38A6EC3E-C1DD-42B6-B34B-82D4C310A32D}"
EndProject
Project("{FAE04EC0-301F-11D3-BF4B-00C04F79EFBC}") = "IfsAfterRefactor", "IfsAfterRefactor\IfsAfterRefactor.csproj", "{64742484-7A71-4F1E-A345-88AFDED9EFE1}"
EndProject
Global
	GlobalSection(SolutionConfigurationPlatforms) = preSolution
		Debug|Any CPU = Debug|Any CPU
		Release|Any CPU = Release|Any CPU
	EndGlobalSection
	GlobalSection(ProjectConfigurationPlatforms) = postSolution
		{38A6EC3E-C1DD-42B6-B34B-82D4C310A32D}.Debug|Any CPU.ActiveCfg = Debug|Any CPU
		{38A6EC3E-C1DD-42B6-B34B-82D4C310A32D}.Debug|Any CPU.Build.0 = Debug|Any CPU
		{38A6EC3E-C1DD-42B6-B34B-82D4C310A32D}.Release|Any CPU.ActiveCfg = Release|Any CPU
		{38A6EC3E-C1DD-42B6-B34B-82D4C310A32D}.Release|Any CPU.Build.0 = Release|Any CPU
		{64742484-7A71-4F1E-A345-88AFDED9EFE1}.Debug|Any CPU.ActiveCfg = Debug|Any CPU
		{64742484-7A71-4F1E-A345-88AFDED9EFE1}.Debug|Any CPU.Build.0 = Debug|Any CPU
		{64742484-7A71-4F1E-A345-88AFDED9EFE1}.Release|Any CPU.ActiveCfg = Release|Any CPU
		{64742484-7A71-4F1E-A345-88AFDED9EFE1}.Release|Any CPU.Build.0 = Release|Any CPU
	EndGlobalSection
EndGlobal
