
Microsoft Visual Studio Solution File, Format Version 12.00
Project("{FAE04EC0-301F-11D3-BF4B-00C04F79EFBC}") = "ShallowModuleProd", "src\ShallowModuleProd\ShallowModuleProd.csproj", "{1A974E00-0BE7-4BF5-8061-7F43753F3477}"
EndProject
Project("{FAE04EC0-301F-11D3-BF4B-00C04F79EFBC}") = "TestDeepModule", "tests\TestDeepModule\TestDeepModule.csproj", "{57C7B974-700B-4A7E-BC3A-CC9D5F2F7FB5}"
EndProject
Global
	GlobalSection(SolutionConfigurationPlatforms) = preSolution
		Debug|Any CPU = Debug|Any CPU
		Release|Any CPU = Release|Any CPU
	EndGlobalSection
	GlobalSection(ProjectConfigurationPlatforms) = postSolution
		{1A974E00-0BE7-4BF5-8061-7F43753F3477}.Debug|Any CPU.ActiveCfg = Debug|Any CPU
		{1A974E00-0BE7-4BF5-8061-7F43753F3477}.Debug|Any CPU.Build.0 = Debug|Any CPU
		{1A974E00-0BE7-4BF5-8061-7F43753F3477}.Release|Any CPU.ActiveCfg = Release|Any CPU
		{1A974E00-0BE7-4BF5-8061-7F43753F3477}.Release|Any CPU.Build.0 = Release|Any CPU
		{57C7B974-700B-4A7E-BC3A-CC9D5F2F7FB5}.Debug|Any CPU.ActiveCfg = Debug|Any CPU
		{57C7B974-700B-4A7E-BC3A-CC9D5F2F7FB5}.Debug|Any CPU.Build.0 = Debug|Any CPU
		{57C7B974-700B-4A7E-BC3A-CC9D5F2F7FB5}.Release|Any CPU.ActiveCfg = Release|Any CPU
		{57C7B974-700B-4A7E-BC3A-CC9D5F2F7FB5}.Release|Any CPU.Build.0 = Release|Any CPU
	EndGlobalSection
EndGlobal
