
Microsoft Visual Studio Solution File, Format Version 12.00
Project("{FAE04EC0-301F-11D3-BF4B-00C04F79EFBC}") = "MySalesApp", "MySalesApp\MySalesApp.csproj", "{8038F0F0-5A1B-4E1E-842B-4CF74FF1545B}"
EndProject
Global
	GlobalSection(SolutionConfigurationPlatforms) = preSolution
		Debug|Any CPU = Debug|Any CPU
		Release|Any CPU = Release|Any CPU
	EndGlobalSection
	GlobalSection(ProjectConfigurationPlatforms) = postSolution
		{8038F0F0-5A1B-4E1E-842B-4CF74FF1545B}.Debug|Any CPU.ActiveCfg = Debug|Any CPU
		{8038F0F0-5A1B-4E1E-842B-4CF74FF1545B}.Debug|Any CPU.Build.0 = Debug|Any CPU
		{8038F0F0-5A1B-4E1E-842B-4CF74FF1545B}.Release|Any CPU.ActiveCfg = Release|Any CPU
		{8038F0F0-5A1B-4E1E-842B-4CF74FF1545B}.Release|Any CPU.Build.0 = Release|Any CPU
	EndGlobalSection
EndGlobal
