
Microsoft Visual Studio Solution File, Format Version 12.00
Project("{FAE04EC0-301F-11D3-BF4B-00C04F79EFBC}") = "OrderApp", "OrderApp\OrderApp.csproj", "{ED9840DE-A409-49A8-9D22-992154BBDCBA}"
EndProject
Project("{FAE04EC0-301F-11D3-BF4B-00C04F79EFBC}") = "OrderApp.Tests", "OrderApp.Tests\OrderApp.Tests.csproj", "{F431DD87-EBA9-4E06-B132-4F7B928237D3}"
EndProject
Global
	GlobalSection(SolutionConfigurationPlatforms) = preSolution
		Debug|Any CPU = Debug|Any CPU
		Debug|x64 = Debug|x64
		Debug|x86 = Debug|x86
		Release|Any CPU = Release|Any CPU
		Release|x64 = Release|x64
		Release|x86 = Release|x86
	EndGlobalSection
	GlobalSection(ProjectConfigurationPlatforms) = postSolution
		{ED9840DE-A409-49A8-9D22-992154BBDCBA}.Debug|Any CPU.ActiveCfg = Debug|Any CPU
		{ED9840DE-A409-49A8-9D22-992154BBDCBA}.Debug|Any CPU.Build.0 = Debug|Any CPU
		{ED9840DE-A409-49A8-9D22-992154BBDCBA}.Debug|x64.ActiveCfg = Debug|Any CPU
		{ED9840DE-A409-49A8-9D22-992154BBDCBA}.Debug|x64.Build.0 = Debug|Any CPU
		{ED9840DE-A409-49A8-9D22-992154BBDCBA}.Debug|x86.ActiveCfg = Debug|Any CPU
		{ED9840DE-A409-49A8-9D22-992154BBDCBA}.Debug|x86.Build.0 = Debug|Any CPU
		{ED9840DE-A409-49A8-9D22-992154BBDCBA}.Release|Any CPU.ActiveCfg = Release|Any CPU
		{ED9840DE-A409-49A8-9D22-992154BBDCBA}.Release|Any CPU.Build.0 = Release|Any CPU
		{ED9840DE-A409-49A8-9D22-992154BBDCBA}.Release|x64.ActiveCfg = Release|Any CPU
		{ED9840DE-A409-49A8-9D22-992154BBDCBA}.Release|x64.Build.0 = Release|Any CPU
		{ED9840DE-A409-49A8-9D22-992154BBDCBA}.Release|x86.ActiveCfg = Release|Any CPU
		{ED9840DE-A409-49A8-9D22-992154BBDCBA}.Release|x86.Build.0 = Release|Any CPU
		{F431DD87-EBA9-4E06-B132-4F7B928237D3}.Debug|Any CPU.ActiveCfg = Debug|Any CPU
		{F431DD87-EBA9-4E06-B132-4F7B928237D3}.Debug|Any CPU.Build.0 = Debug|Any CPU
		{F431DD87-EBA9-4E06-B132-4F7B928237D3}.Debug|x64.ActiveCfg = Debug|Any CPU
		{F431DD87-EBA9-4E06-B132-4F7B928237D3}.Debug|x64.Build.0 = Debug|Any CPU
		{F431DD87-EBA9-4E06-B132-4F7B928237D3}.Debug|x86.ActiveCfg = Debug|Any CPU
		{F431DD87-EBA9-4E06-B132-4F7B928237D3}.Debug|x86.Build.0 = Debug|Any CPU
		{F431DD87-EBA9-4E06-B132-4F7B928237D3}.Release|Any CPU.ActiveCfg = Release|Any CPU
		{F431DD87-EBA9-4E06-B132-4F7B928237D3}.Release|Any CPU.Build.0 = Release|Any CPU
		{F431DD87-EBA9-4E06-B132-4F7B928237D3}.Release|x64.ActiveCfg = Release|Any CPU
		{F431DD87-EBA9-4E06-B132-4F7B928237D3}.Release|x64.Build.0 = Release|Any CPU
		{F431DD87-EBA9-4E06-B132-4F7B928237D3}.Release|x86.ActiveCfg = Release|Any CPU
		{F431DD87-EBA9-4E06-B132-4F7B928237D3}.Release|x86.Build.0 = Release|Any CPU
	EndGlobalSection
	GlobalSection(SolutionProperties) = preSolution
		HideSolutionNode = FALSE
	EndGlobalSection
EndGlobal
