
Microsoft Visual Studio Solution File, Format Version 12.00
Project("{FAE04EC0-301F-11D3-BF4B-00C04F79EFBC}") = "PersonaDemo", "Persona\src\PersonaDemo\PersonaDemo.csproj", "{267157CE-19B0-49CF-8749-9FB357B18217}"
EndProject
Project("{FAE04EC0-301F-11D3-BF4B-00C04F79EFBC}") = "BlogEntry", "Blog\src\BlogEntry\BlogEntry.csproj", "{968FF0E7-6F47-4338-8361-95099D27FAB6}"
EndProject
Project("{FAE04EC0-301F-11D3-BF4B-00C04F79EFBC}") = "CustomerApp", "CustomerApp\CustomerApp.csproj", "{A6C2D63C-617F-4D37-878F-8BB298F09D00}"
EndProject
Project("{FAE04EC0-301F-11D3-BF4B-00C04F79EFBC}") = "BlogEntryApp", "BlogEntryApp\BlogEntryApp.csproj", "{59B43A70-8716-4D3D-9791-368FCE9AC83B}"
EndProject
Project("{FAE04EC0-301F-11D3-BF4B-00C04F79EFBC}") = "CountryCapitalDemo", "CountryCapitalDemo\CountryCapitalDemo.csproj", "{479022A9-A8AD-42EB-B8C6-8CB0132AD76C}"
EndProject
Project("{FAE04EC0-301F-11D3-BF4B-00C04F79EFBC}") = "ClasesRoles", "Roles\ClasesRoles\ClasesRoles.csproj", "{72A2ED1C-6DA3-41F7-BDB9-1061321DE562}"
EndProject
Global
	GlobalSection(SolutionConfigurationPlatforms) = preSolution
		Debug|Any CPU = Debug|Any CPU
		Release|Any CPU = Release|Any CPU
	EndGlobalSection
	GlobalSection(ProjectConfigurationPlatforms) = postSolution
		{267157CE-19B0-49CF-8749-9FB357B18217}.Debug|Any CPU.ActiveCfg = Debug|Any CPU
		{267157CE-19B0-49CF-8749-9FB357B18217}.Debug|Any CPU.Build.0 = Debug|Any CPU
		{267157CE-19B0-49CF-8749-9FB357B18217}.Release|Any CPU.ActiveCfg = Release|Any CPU
		{267157CE-19B0-49CF-8749-9FB357B18217}.Release|Any CPU.Build.0 = Release|Any CPU
		{968FF0E7-6F47-4338-8361-95099D27FAB6}.Debug|Any CPU.ActiveCfg = Debug|Any CPU
		{968FF0E7-6F47-4338-8361-95099D27FAB6}.Debug|Any CPU.Build.0 = Debug|Any CPU
		{968FF0E7-6F47-4338-8361-95099D27FAB6}.Release|Any CPU.ActiveCfg = Release|Any CPU
		{968FF0E7-6F47-4338-8361-95099D27FAB6}.Release|Any CPU.Build.0 = Release|Any CPU
		{A6C2D63C-617F-4D37-878F-8BB298F09D00}.Debug|Any CPU.ActiveCfg = Debug|Any CPU
		{A6C2D63C-617F-4D37-878F-8BB298F09D00}.Debug|Any CPU.Build.0 = Debug|Any CPU
		{A6C2D63C-617F-4D37-878F-8BB298F09D00}.Release|Any CPU.ActiveCfg = Release|Any CPU
		{A6C2D63C-617F-4D37-878F-8BB298F09D00}.Release|Any CPU.Build.0 = Release|Any CPU
		{59B43A70-8716-4D3D-9791-368FCE9AC83B}.Debug|Any CPU.ActiveCfg = Debug|Any CPU
		{59B43A70-8716-4D3D-9791-368FCE9AC83B}.Debug|Any CPU.Build.0 = Debug|Any CPU
		{59B43A70-8716-4D3D-9791-368FCE9AC83B}.Release|Any CPU.ActiveCfg = Release|Any CPU
		{59B43A70-8716-4D3D-9791-368FCE9AC83B}.Release|Any CPU.Build.0 = Release|Any CPU
		{479022A9-A8AD-42EB-B8C6-8CB0132AD76C}.Debug|Any CPU.ActiveCfg = Debug|Any CPU
		{479022A9-A8AD-42EB-B8C6-8CB0132AD76C}.Debug|Any CPU.Build.0 = Debug|Any CPU
		{479022A9-A8AD-42EB-B8C6-8CB0132AD76C}.Release|Any CPU.ActiveCfg = Release|Any CPU
		{479022A9-A8AD-42EB-B8C6-8CB0132AD76C}.Release|Any CPU.Build.0 = Release|Any CPU
		{72A2ED1C-6DA3-41F7-BDB9-1061321DE562}.Debug|Any CPU.ActiveCfg = Debug|Any CPU
		{72A2ED1C-6DA3-41F7-BDB9-1061321DE562}.Debug|Any CPU.Build.0 = Debug|Any CPU
		{72A2ED1C-6DA3-41F7-BDB9-1061321DE562}.Release|Any CPU.ActiveCfg = Release|Any CPU
		{72A2ED1C-6DA3-41F7-BDB9-1061321DE562}.Release|Any CPU.Build.0 = Release|Any CPU
	EndGlobalSection
EndGlobal
